
Microsoft Visual Studio Solution File, Format Version 12.00
# Visual Studio Version 17
VisualStudioVersion = 17.3.32922.545
MinimumVisualStudioVersion = 10.0.40219.1
Project("{FAE04EC0-301F-11D3-BF4B-00C04F79EFBC}") = "Singleton", "Singleton\Singleton.csproj", "{A401EAAA-47F0-427B-8A0C-97180776AC1E}"
EndProject
Project("{FAE04EC0-301F-11D3-BF4B-00C04F79EFBC}") = "FactoryMethod", "FactoryMethod\FactoryMethod.csproj", "{0AF026D2-4743-46FA-A4C2-BAAABC884C5B}"
EndProject
Project("{FAE04EC0-301F-11D3-BF4B-00C04F79EFBC}") = "AbstractFactory", "AbstractFactory\AbstractFactory.csproj", "{2863D2DB-6E30-4557-A19C-0DF516241DAE}"
EndProject
Project("{FAE04EC0-301F-11D3-BF4B-00C04F79EFBC}") = "Prototype", "Prototype\Prototype.csproj", "{05D5AE46-4BC8-45D6-98BC-6BB2C60DF54A}"
EndProject
Project("{FAE04EC0-301F-11D3-BF4B-00C04F79EFBC}") = "Builder", "Builder\Builder.csproj", "{93E8EC7D-A210-4A31-9445-6DFCE89796EA}"
EndProject
Project("{FAE04EC0-301F-11D3-BF4B-00C04F79EFBC}") = "Facade", "Facade\Facade.csproj", "{B54DFB5A-D746-4FB3-996E-99BC44C827F1}"
EndProject
Project("{FAE04EC0-301F-11D3-BF4B-00C04F79EFBC}") = "Adepter", "Adepter\Adepter.csproj", "{FC81DE85-2A96-4F39-ADA8-C422CF329B3C}"
EndProject
Project("{FAE04EC0-301F-11D3-BF4B-00C04F79EFBC}") = "Composite", "Composite\Composite.csproj", "{5E748B70-BD71-44AB-AD6A-D372C5A49610}"
EndProject
Project("{FAE04EC0-301F-11D3-BF4B-00C04F79EFBC}") = "Proxy", "Proxy\Proxy.csproj", "{8B2B61C6-72BD-4D29-9576-3AE5324A7FE3}"
EndProject
Project("{FAE04EC0-301F-11D3-BF4B-00C04F79EFBC}") = "Decorator", "Decorator\Decorator.csproj", "{87D7C39B-2887-4C3A-98D5-A475E3D28FFC}"
EndProject
Project("{FAE04EC0-301F-11D3-BF4B-00C04F79EFBC}") = "Bridge", "Bridge\Bridge.csproj", "{DC9B0DA6-A1FB-4A7C-930F-66298EF7FEC8}"
EndProject
Project("{FAE04EC0-301F-11D3-BF4B-00C04F79EFBC}") = "Strategy", "Strategy\Strategy.csproj", "{F44A04D5-D0A8-4453-A27F-A1322BF55FEF}"
EndProject
Project("{FAE04EC0-301F-11D3-BF4B-00C04F79EFBC}") = "Observer", "Observer\Observer.csproj", "{B9904602-BEEA-4E85-8AC3-6EA3F5F89C3F}"
EndProject
Project("{FAE04EC0-301F-11D3-BF4B-00C04F79EFBC}") = "ChainOfResponsibility", "ChainOfResponsibility\ChainOfResponsibility.csproj", "{3553797F-DF7E-458C-9716-41468DB9D82A}"
EndProject
Project("{FAE04EC0-301F-11D3-BF4B-00C04F79EFBC}") = "Memento", "Memento\Memento.csproj", "{48AB0349-F62A-4D9A-A00C-4875EA2C4A8B}"
EndProject
Project("{FAE04EC0-301F-11D3-BF4B-00C04F79EFBC}") = "TemplateMethod", "TemplateMethod\TemplateMethod.csproj", "{46C704F9-29ED-4566-B467-99675DE8D30F}"
EndProject
Project("{FAE04EC0-301F-11D3-BF4B-00C04F79EFBC}") = "State", "State\State.csproj", "{89E00C7B-DDDA-4119-B2D7-C1806633C1DC}"
EndProject
Project("{FAE04EC0-301F-11D3-BF4B-00C04F79EFBC}") = "Mediator", "Mediator\Mediator.csproj", "{CF714F00-3FA0-4E69-BE6F-381A834EA640}"
EndProject
Project("{FAE04EC0-301F-11D3-BF4B-00C04F79EFBC}") = "Command", "Command\Command.csproj", "{E519303E-BEBB-4D71-95D0-95F0FA73278F}"
EndProject
Global
	GlobalSection(SolutionConfigurationPlatforms) = preSolution
		Debug|Any CPU = Debug|Any CPU
		Release|Any CPU = Release|Any CPU
	EndGlobalSection
	GlobalSection(ProjectConfigurationPlatforms) = postSolution
		{A401EAAA-47F0-427B-8A0C-97180776AC1E}.Debug|Any CPU.ActiveCfg = Debug|Any CPU
		{A401EAAA-47F0-427B-8A0C-97180776AC1E}.Debug|Any CPU.Build.0 = Debug|Any CPU
		{A401EAAA-47F0-427B-8A0C-97180776AC1E}.Release|Any CPU.ActiveCfg = Release|Any CPU
		{A401EAAA-47F0-427B-8A0C-97180776AC1E}.Release|Any CPU.Build.0 = Release|Any CPU
		{0AF026D2-4743-46FA-A4C2-BAAABC884C5B}.Debug|Any CPU.ActiveCfg = Debug|Any CPU
		{0AF026D2-4743-46FA-A4C2-BAAABC884C5B}.Debug|Any CPU.Build.0 = Debug|Any CPU
		{0AF026D2-4743-46FA-A4C2-BAAABC884C5B}.Release|Any CPU.ActiveCfg = Release|Any CPU
		{0AF026D2-4743-46FA-A4C2-BAAABC884C5B}.Release|Any CPU.Build.0 = Release|Any CPU
		{2863D2DB-6E30-4557-A19C-0DF516241DAE}.Debug|Any CPU.ActiveCfg = Debug|Any CPU
		{2863D2DB-6E30-4557-A19C-0DF516241DAE}.Debug|Any CPU.Build.0 = Debug|Any CPU
		{2863D2DB-6E30-4557-A19C-0DF516241DAE}.Release|Any CPU.ActiveCfg = Release|Any CPU
		{2863D2DB-6E30-4557-A19C-0DF516241DAE}.Release|Any CPU.Build.0 = Release|Any CPU
		{05D5AE46-4BC8-45D6-98BC-6BB2C60DF54A}.Debug|Any CPU.ActiveCfg = Debug|Any CPU
		{05D5AE46-4BC8-45D6-98BC-6BB2C60DF54A}.Debug|Any CPU.Build.0 = Debug|Any CPU
		{05D5AE46-4BC8-45D6-98BC-6BB2C60DF54A}.Release|Any CPU.ActiveCfg = Release|Any CPU
		{05D5AE46-4BC8-45D6-98BC-6BB2C60DF54A}.Release|Any CPU.Build.0 = Release|Any CPU
		{93E8EC7D-A210-4A31-9445-6DFCE89796EA}.Debug|Any CPU.ActiveCfg = Debug|Any CPU
		{93E8EC7D-A210-4A31-9445-6DFCE89796EA}.Debug|Any CPU.Build.0 = Debug|Any CPU
		{93E8EC7D-A210-4A31-9445-6DFCE89796EA}.Release|Any CPU.ActiveCfg = Release|Any CPU
		{93E8EC7D-A210-4A31-9445-6DFCE89796EA}.Release|Any CPU.Build.0 = Release|Any CPU
		{B54DFB5A-D746-4FB3-996E-99BC44C827F1}.Debug|Any CPU.ActiveCfg = Debug|Any CPU
		{B54DFB5A-D746-4FB3-996E-99BC44C827F1}.Debug|Any CPU.Build.0 = Debug|Any CPU
		{B54DFB5A-D746-4FB3-996E-99BC44C827F1}.Release|Any CPU.ActiveCfg = Release|Any CPU
		{B54DFB5A-D746-4FB3-996E-99BC44C827F1}.Release|Any CPU.Build.0 = Release|Any CPU
		{FC81DE85-2A96-4F39-ADA8-C422CF329B3C}.Debug|Any CPU.ActiveCfg = Debug|Any CPU
		{FC81DE85-2A96-4F39-ADA8-C422CF329B3C}.Debug|Any CPU.Build.0 = Debug|Any CPU
		{FC81DE85-2A96-4F39-ADA8-C422CF329B3C}.Release|Any CPU.ActiveCfg = Release|Any CPU
		{FC81DE85-2A96-4F39-ADA8-C422CF329B3C}.Release|Any CPU.Build.0 = Release|Any CPU
		{5E748B70-BD71-44AB-AD6A-D372C5A49610}.Debug|Any CPU.ActiveCfg = Debug|Any CPU
		{5E748B70-BD71-44AB-AD6A-D372C5A49610}.Debug|Any CPU.Build.0 = Debug|Any CPU
		{5E748B70-BD71-44AB-AD6A-D372C5A49610}.Release|Any CPU.ActiveCfg = Release|Any CPU
		{5E748B70-BD71-44AB-AD6A-D372C5A49610}.Release|Any CPU.Build.0 = Release|Any CPU
		{8B2B61C6-72BD-4D29-9576-3AE5324A7FE3}.Debug|Any CPU.ActiveCfg = Debug|Any CPU
		{8B2B61C6-72BD-4D29-9576-3AE5324A7FE3}.Debug|Any CPU.Build.0 = Debug|Any CPU
		{8B2B61C6-72BD-4D29-9576-3AE5324A7FE3}.Release|Any CPU.ActiveCfg = Release|Any CPU
		{8B2B61C6-72BD-4D29-9576-3AE5324A7FE3}.Release|Any CPU.Build.0 = Release|Any CPU
		{87D7C39B-2887-4C3A-98D5-A475E3D28FFC}.Debug|Any CPU.ActiveCfg = Debug|Any CPU
		{87D7C39B-2887-4C3A-98D5-A475E3D28FFC}.Debug|Any CPU.Build.0 = Debug|Any CPU
		{87D7C39B-2887-4C3A-98D5-A475E3D28FFC}.Release|Any CPU.ActiveCfg = Release|Any CPU
		{87D7C39B-2887-4C3A-98D5-A475E3D28FFC}.Release|Any CPU.Build.0 = Release|Any CPU
		{DC9B0DA6-A1FB-4A7C-930F-66298EF7FEC8}.Debug|Any CPU.ActiveCfg = Debug|Any CPU
		{DC9B0DA6-A1FB-4A7C-930F-66298EF7FEC8}.Debug|Any CPU.Build.0 = Debug|Any CPU
		{DC9B0DA6-A1FB-4A7C-930F-66298EF7FEC8}.Release|Any CPU.ActiveCfg = Release|Any CPU
		{DC9B0DA6-A1FB-4A7C-930F-66298EF7FEC8}.Release|Any CPU.Build.0 = Release|Any CPU
		{F44A04D5-D0A8-4453-A27F-A1322BF55FEF}.Debug|Any CPU.ActiveCfg = Debug|Any CPU
		{F44A04D5-D0A8-4453-A27F-A1322BF55FEF}.Debug|Any CPU.Build.0 = Debug|Any CPU
		{F44A04D5-D0A8-4453-A27F-A1322BF55FEF}.Release|Any CPU.ActiveCfg = Release|Any CPU
		{F44A04D5-D0A8-4453-A27F-A1322BF55FEF}.Release|Any CPU.Build.0 = Release|Any CPU
		{B9904602-BEEA-4E85-8AC3-6EA3F5F89C3F}.Debug|Any CPU.ActiveCfg = Debug|Any CPU
		{B9904602-BEEA-4E85-8AC3-6EA3F5F89C3F}.Debug|Any CPU.Build.0 = Debug|Any CPU
		{B9904602-BEEA-4E85-8AC3-6EA3F5F89C3F}.Release|Any CPU.ActiveCfg = Release|Any CPU
		{B9904602-BEEA-4E85-8AC3-6EA3F5F89C3F}.Release|Any CPU.Build.0 = Release|Any CPU
		{3553797F-DF7E-458C-9716-41468DB9D82A}.Debug|Any CPU.ActiveCfg = Debug|Any CPU
		{3553797F-DF7E-458C-9716-41468DB9D82A}.Debug|Any CPU.Build.0 = Debug|Any CPU
		{3553797F-DF7E-458C-9716-41468DB9D82A}.Release|Any CPU.ActiveCfg = Release|Any CPU
		{3553797F-DF7E-458C-9716-41468DB9D82A}.Release|Any CPU.Build.0 = Release|Any CPU
		{48AB0349-F62A-4D9A-A00C-4875EA2C4A8B}.Debug|Any CPU.ActiveCfg = Debug|Any CPU
		{48AB0349-F62A-4D9A-A00C-4875EA2C4A8B}.Debug|Any CPU.Build.0 = Debug|Any CPU
		{48AB0349-F62A-4D9A-A00C-4875EA2C4A8B}.Release|Any CPU.ActiveCfg = Release|Any CPU
		{48AB0349-F62A-4D9A-A00C-4875EA2C4A8B}.Release|Any CPU.Build.0 = Release|Any CPU
		{46C704F9-29ED-4566-B467-99675DE8D30F}.Debug|Any CPU.ActiveCfg = Debug|Any CPU
		{46C704F9-29ED-4566-B467-99675DE8D30F}.Debug|Any CPU.Build.0 = Debug|Any CPU
		{46C704F9-29ED-4566-B467-99675DE8D30F}.Release|Any CPU.ActiveCfg = Release|Any CPU
		{46C704F9-29ED-4566-B467-99675DE8D30F}.Release|Any CPU.Build.0 = Release|Any CPU
		{89E00C7B-DDDA-4119-B2D7-C1806633C1DC}.Debug|Any CPU.ActiveCfg = Debug|Any CPU
		{89E00C7B-DDDA-4119-B2D7-C1806633C1DC}.Debug|Any CPU.Build.0 = Debug|Any CPU
		{89E00C7B-DDDA-4119-B2D7-C1806633C1DC}.Release|Any CPU.ActiveCfg = Release|Any CPU
		{89E00C7B-DDDA-4119-B2D7-C1806633C1DC}.Release|Any CPU.Build.0 = Release|Any CPU
		{CF714F00-3FA0-4E69-BE6F-381A834EA640}.Debug|Any CPU.ActiveCfg = Debug|Any CPU
		{CF714F00-3FA0-4E69-BE6F-381A834EA640}.Debug|Any CPU.Build.0 = Debug|Any CPU
		{CF714F00-3FA0-4E69-BE6F-381A834EA640}.Release|Any CPU.ActiveCfg = Release|Any CPU
		{CF714F00-3FA0-4E69-BE6F-381A834EA640}.Release|Any CPU.Build.0 = Release|Any CPU
		{E519303E-BEBB-4D71-95D0-95F0FA73278F}.Debug|Any CPU.ActiveCfg = Debug|Any CPU
		{E519303E-BEBB-4D71-95D0-95F0FA73278F}.Debug|Any CPU.Build.0 = Debug|Any CPU
		{E519303E-BEBB-4D71-95D0-95F0FA73278F}.Release|Any CPU.ActiveCfg = Release|Any CPU
		{E519303E-BEBB-4D71-95D0-95F0FA73278F}.Release|Any CPU.Build.0 = Release|Any CPU
	EndGlobalSection
	GlobalSection(SolutionProperties) = preSolution
		HideSolutionNode = FALSE
	EndGlobalSection
	GlobalSection(ExtensibilityGlobals) = postSolution
		SolutionGuid = {A2826C60-2C59-47F8-B60A-71F0CE2C6708}
	EndGlobalSection
EndGlobal
