
Microsoft Visual Studio Solution File, Format Version 12.00
# Visual Studio Version 17
VisualStudioVersion = 17.3.32922.545
MinimumVisualStudioVersion = 10.0.40219.1
Project("{FAE04EC0-301F-11D3-BF4B-00C04F79EFBC}") = "Singleton", "Singleton\Singleton.csproj", "{A401EAAA-47F0-427B-8A0C-97180776AC1E}"
EndProject
Project("{FAE04EC0-301F-11D3-BF4B-00C04F79EFBC}") = "FactoryMethod", "FactoryMethod\FactoryMethod.csproj", "{0AF026D2-4743-46FA-A4C2-BAAABC884C5B}"
EndProject
Project("{FAE04EC0-301F-11D3-BF4B-00C04F79EFBC}") = "AbstractFactory", "AbstractFactory\AbstractFactory.csproj", "{2863D2DB-6E30-4557-A19C-0DF516241DAE}"
EndProject
Project("{FAE04EC0-301F-11D3-BF4B-00C04F79EFBC}") = "Prototype", "Prototype\Prototype.csproj", "{05D5AE46-4BC8-45D6-98BC-6BB2C60DF54A}"
EndProject
Project("{FAE04EC0-301F-11D3-BF4B-00C04F79EFBC}") = "Builder", "Builder\Builder.csproj", "{93E8EC7D-A210-4A31-9445-6DFCE89796EA}"
EndProject
Global
	GlobalSection(SolutionConfigurationPlatforms) = preSolution
		Debug|Any CPU = Debug|Any CPU
		Release|Any CPU = Release|Any CPU
	EndGlobalSection
	GlobalSection(ProjectConfigurationPlatforms) = postSolution
		{A401EAAA-47F0-427B-8A0C-97180776AC1E}.Debug|Any CPU.ActiveCfg = Debug|Any CPU
		{A401EAAA-47F0-427B-8A0C-97180776AC1E}.Debug|Any CPU.Build.0 = Debug|Any CPU
		{A401EAAA-47F0-427B-8A0C-97180776AC1E}.Release|Any CPU.ActiveCfg = Release|Any CPU
		{A401EAAA-47F0-427B-8A0C-97180776AC1E}.Release|Any CPU.Build.0 = Release|Any CPU
		{0AF026D2-4743-46FA-A4C2-BAAABC884C5B}.Debug|Any CPU.ActiveCfg = Debug|Any CPU
		{0AF026D2-4743-46FA-A4C2-BAAABC884C5B}.Debug|Any CPU.Build.0 = Debug|Any CPU
		{0AF026D2-4743-46FA-A4C2-BAAABC884C5B}.Release|Any CPU.ActiveCfg = Release|Any CPU
		{0AF026D2-4743-46FA-A4C2-BAAABC884C5B}.Release|Any CPU.Build.0 = Release|Any CPU
		{2863D2DB-6E30-4557-A19C-0DF516241DAE}.Debug|Any CPU.ActiveCfg = Debug|Any CPU
		{2863D2DB-6E30-4557-A19C-0DF516241DAE}.Debug|Any CPU.Build.0 = Debug|Any CPU
		{2863D2DB-6E30-4557-A19C-0DF516241DAE}.Release|Any CPU.ActiveCfg = Release|Any CPU
		{2863D2DB-6E30-4557-A19C-0DF516241DAE}.Release|Any CPU.Build.0 = Release|Any CPU
		{05D5AE46-4BC8-45D6-98BC-6BB2C60DF54A}.Debug|Any CPU.ActiveCfg = Debug|Any CPU
		{05D5AE46-4BC8-45D6-98BC-6BB2C60DF54A}.Debug|Any CPU.Build.0 = Debug|Any CPU
		{05D5AE46-4BC8-45D6-98BC-6BB2C60DF54A}.Release|Any CPU.ActiveCfg = Release|Any CPU
		{05D5AE46-4BC8-45D6-98BC-6BB2C60DF54A}.Release|Any CPU.Build.0 = Release|Any CPU
		{93E8EC7D-A210-4A31-9445-6DFCE89796EA}.Debug|Any CPU.ActiveCfg = Debug|Any CPU
		{93E8EC7D-A210-4A31-9445-6DFCE89796EA}.Debug|Any CPU.Build.0 = Debug|Any CPU
		{93E8EC7D-A210-4A31-9445-6DFCE89796EA}.Release|Any CPU.ActiveCfg = Release|Any CPU
		{93E8EC7D-A210-4A31-9445-6DFCE89796EA}.Release|Any CPU.Build.0 = Release|Any CPU
	EndGlobalSection
	GlobalSection(SolutionProperties) = preSolution
		HideSolutionNode = FALSE
	EndGlobalSection
	GlobalSection(ExtensibilityGlobals) = postSolution
		SolutionGuid = {A2826C60-2C59-47F8-B60A-71F0CE2C6708}
	EndGlobalSection
EndGlobal
